
Microsoft Visual Studio Solution File, Format Version 12.00
# Visual Studio 15
VisualStudioVersion = 15.0.27703.2026
MinimumVisualStudioVersion = 10.0.40219.1
Project("{FAE04EC0-301F-11D3-BF4B-00C04F79EFBC}") = "MenuMaker", "MenuMaker\MenuMaker.csproj", "{D9115AFE-C5E5-4E47-9618-428D18D437BC}"
EndProject
Global
	GlobalSection(SolutionConfigurationPlatforms) = preSolution
		Debug|Any CPU = Debug|Any CPU
		Release|Any CPU = Release|Any CPU
	EndGlobalSection
	GlobalSection(ProjectConfigurationPlatforms) = postSolution
		{D9115AFE-C5E5-4E47-9618-428D18D437BC}.Debug|Any CPU.ActiveCfg = Debug|Any CPU
		{D9115AFE-C5E5-4E47-9618-428D18D437BC}.Debug|Any CPU.Build.0 = Debug|Any CPU
		{D9115AFE-C5E5-4E47-9618-428D18D437BC}.Release|Any CPU.ActiveCfg = Release|Any CPU
		{D9115AFE-C5E5-4E47-9618-428D18D437BC}.Release|Any CPU.Build.0 = Release|Any CPU
	EndGlobalSection
	GlobalSection(SolutionProperties) = preSolution
		HideSolutionNode = FALSE
	EndGlobalSection
	GlobalSection(ExtensibilityGlobals) = postSolution
		SolutionGuid = {0366135E-F383-4E6C-A5AE-F89FAB55DACA}
	EndGlobalSection
EndGlobal
